
Microsoft Visual Studio Solution File, Format Version 12.00
# Visual Studio Version 16
VisualStudioVersion = 16.0.30907.101
MinimumVisualStudioVersion = 10.0.40219.1
Project("{9A19103F-16F7-4668-BE54-9A1E7A4F7556}") = "MvcMusic", "MvcMusic.csproj", "{9C0BC256-F01A-43F9-ABEA-89B25CA6F448}"
EndProject
Project("{FAE04EC0-301F-11D3-BF4B-00C04F79EFBC}") = "MusicApp", "..\MusicApp\MusicApp.csproj", "{6E8417F7-C5F4-4F92-8CA9-0BC5C46FAC1D}"
EndProject
Global
	GlobalSection(SolutionConfigurationPlatforms) = preSolution
		Debug|Any CPU = Debug|Any CPU
		Release|Any CPU = Release|Any CPU
	EndGlobalSection
	GlobalSection(ProjectConfigurationPlatforms) = postSolution
		{9C0BC256-F01A-43F9-ABEA-89B25CA6F448}.Debug|Any CPU.ActiveCfg = Debug|Any CPU
		{9C0BC256-F01A-43F9-ABEA-89B25CA6F448}.Debug|Any CPU.Build.0 = Debug|Any CPU
		{9C0BC256-F01A-43F9-ABEA-89B25CA6F448}.Release|Any CPU.ActiveCfg = Release|Any CPU
		{9C0BC256-F01A-43F9-ABEA-89B25CA6F448}.Release|Any CPU.Build.0 = Release|Any CPU
		{6E8417F7-C5F4-4F92-8CA9-0BC5C46FAC1D}.Debug|Any CPU.ActiveCfg = Debug|Any CPU
		{6E8417F7-C5F4-4F92-8CA9-0BC5C46FAC1D}.Debug|Any CPU.Build.0 = Debug|Any CPU
		{6E8417F7-C5F4-4F92-8CA9-0BC5C46FAC1D}.Release|Any CPU.ActiveCfg = Release|Any CPU
		{6E8417F7-C5F4-4F92-8CA9-0BC5C46FAC1D}.Release|Any CPU.Build.0 = Release|Any CPU
	EndGlobalSection
	GlobalSection(SolutionProperties) = preSolution
		HideSolutionNode = FALSE
	EndGlobalSection
	GlobalSection(ExtensibilityGlobals) = postSolution
		SolutionGuid = {4B236629-28E9-4D81-AADD-71A1755321A9}
	EndGlobalSection
EndGlobal
